
Microsoft Visual Studio Solution File, Format Version 12.00
# Visual Studio Version 17
VisualStudioVersion = 17.14.37111.16 d17.14
MinimumVisualStudioVersion = 10.0.40219.1
Project("{FAE04EC0-301F-11D3-BF4B-00C04F79EFBC}") = "OnlineTicariOtomasyon", "OnlineTicariOtomasyon\OnlineTicariOtomasyon.csproj", "{FB863DE9-5E24-4C58-80BD-B2D5DFC6BE31}"
EndProject
Global
	GlobalSection(SolutionConfigurationPlatforms) = preSolution
		Debug|Any CPU = Debug|Any CPU
		Release|Any CPU = Release|Any CPU
	EndGlobalSection
	GlobalSection(ProjectConfigurationPlatforms) = postSolution
		{FB863DE9-5E24-4C58-80BD-B2D5DFC6BE31}.Debug|Any CPU.ActiveCfg = Debug|Any CPU
		{FB863DE9-5E24-4C58-80BD-B2D5DFC6BE31}.Debug|Any CPU.Build.0 = Debug|Any CPU
		{FB863DE9-5E24-4C58-80BD-B2D5DFC6BE31}.Release|Any CPU.ActiveCfg = Release|Any CPU
		{FB863DE9-5E24-4C58-80BD-B2D5DFC6BE31}.Release|Any CPU.Build.0 = Release|Any CPU
	EndGlobalSection
	GlobalSection(SolutionProperties) = preSolution
		HideSolutionNode = FALSE
	EndGlobalSection
	GlobalSection(ExtensibilityGlobals) = postSolution
		SolutionGuid = {721A18D9-F0EF-4C3F-A6E8-963C6DB25D58}
	EndGlobalSection
EndGlobal
